
Microsoft Visual Studio Solution File, Format Version 12.00
# Visual Studio Version 16
VisualStudioVersion = 16.0.31025.194
MinimumVisualStudioVersion = 10.0.40219.1
Project("{FAE04EC0-301F-11D3-BF4B-00C04F79EFBC}") = "cli-injection-error-demo", "cli-injection-error-demo.csproj", "{B87B5FBE-FBB4-42BA-AFBA-BA74F268D1C1}"
EndProject
Global
	GlobalSection(SolutionConfigurationPlatforms) = preSolution
		Debug|Any CPU = Debug|Any CPU
		Release|Any CPU = Release|Any CPU
	EndGlobalSection
	GlobalSection(ProjectConfigurationPlatforms) = postSolution
		{B87B5FBE-FBB4-42BA-AFBA-BA74F268D1C1}.Debug|Any CPU.ActiveCfg = Debug|Any CPU
		{B87B5FBE-FBB4-42BA-AFBA-BA74F268D1C1}.Debug|Any CPU.Build.0 = Debug|Any CPU
		{B87B5FBE-FBB4-42BA-AFBA-BA74F268D1C1}.Release|Any CPU.ActiveCfg = Release|Any CPU
		{B87B5FBE-FBB4-42BA-AFBA-BA74F268D1C1}.Release|Any CPU.Build.0 = Release|Any CPU
	EndGlobalSection
	GlobalSection(SolutionProperties) = preSolution
		HideSolutionNode = FALSE
	EndGlobalSection
	GlobalSection(ExtensibilityGlobals) = postSolution
		SolutionGuid = {B258A253-0C7B-443C-A73D-2268F2448127}
	EndGlobalSection
EndGlobal
